
Microsoft Visual Studio Solution File, Format Version 12.00
# Visual Studio Version 17
VisualStudioVersion = 17.4.33205.214
MinimumVisualStudioVersion = 10.0.40219.1
Project("{D954291E-2A0B-460D-934E-DC6B0785DB48}") = "omega_pag.Shared", "omega_pag\omega_pag.Shared\omega_pag.Shared.shproj", "{6279C845-92F8-4333-AB99-3D213163593C}"
EndProject
Project("{2150E333-8FDC-42A3-9474-1A3956D46DE8}") = "Platforms", "Platforms", "{6F5C7C65-92D0-48D9-9DA1-FF82F2CA6CF9}"
EndProject
Project("{FAE04EC0-301F-11D3-BF4B-00C04F79EFBC}") = "omega_pag.Droid", "omega_pag\omega_pag.Droid\omega_pag.Droid.csproj", "{193171F1-AE38-4D6E-8BC8-19218F8DF28E}"
EndProject
Project("{FAE04EC0-301F-11D3-BF4B-00C04F79EFBC}") = "omega_pag.iOS", "omega_pag\omega_pag.iOS\omega_pag.iOS.csproj", "{CBD6D3E3-A6BE-4DF2-B693-A5698733EF43}"
EndProject
Project("{FAE04EC0-301F-11D3-BF4B-00C04F79EFBC}") = "omega_pag.UWP", "omega_pag\omega_pag.UWP\omega_pag.UWP.csproj", "{41679CF2-DE67-4B40-BE78-3B4AE88DE8F2}"
EndProject
Project("{9A19103F-16F7-4668-BE54-9A1E7A4F7556}") = "omega_pag.Wasm", "omega_pag\omega_pag.Wasm\omega_pag.Wasm.csproj", "{9C59418F-CE7F-4108-A0AB-AF87353B71A6}"
EndProject
Project("{FAE04EC0-301F-11D3-BF4B-00C04F79EFBC}") = "omega_pag.macOS", "omega_pag\omega_pag.macOS\omega_pag.macOS.csproj", "{4E305DF0-7D61-4913-BDB7-257CB9BEA3FA}"
EndProject
Project("{9A19103F-16F7-4668-BE54-9A1E7A4F7556}") = "omega_pag.Skia.Wpf.Host", "omega_pag\omega_pag.Skia.Wpf.Host\omega_pag.Skia.Wpf.Host.csproj", "{45E4EBAC-74E0-4306-ADB8-3759F56423F3}"
EndProject
Project("{9A19103F-16F7-4668-BE54-9A1E7A4F7556}") = "omega_pag.Skia.Wpf", "omega_pag\omega_pag.Skia.Wpf\omega_pag.Skia.Wpf.csproj", "{61B8D5DC-2ECA-48AF-BF3D-C4DAF6C22903}"
EndProject
Project("{9A19103F-16F7-4668-BE54-9A1E7A4F7556}") = "omega_pag.Skia.Gtk", "omega_pag\omega_pag.Skia.Gtk\omega_pag.Skia.Gtk.csproj", "{E328CF4A-08D5-4A4B-8B3D-C901A30E1EC5}"
EndProject
Project("{9A19103F-16F7-4668-BE54-9A1E7A4F7556}") = "omega_pag.Skia.Tizen", "omega_pag\omega_pag.Skia.Tizen\omega_pag.Skia.Tizen.csproj", "{78014BEE-CE3E-44AD-93FA-F2480310892D}"
EndProject
Project("{FAE04EC0-301F-11D3-BF4B-00C04F79EFBC}") = "omega.api", "omega.api\omega.api.csproj", "{5BAA016B-8A3B-482E-BD86-2E5C03CA5BCE}"
EndProject
Global
	GlobalSection(SolutionConfigurationPlatforms) = preSolution
		Ad-Hoc|Any CPU = Ad-Hoc|Any CPU
		Ad-Hoc|ARM = Ad-Hoc|ARM
		Ad-Hoc|ARM64 = Ad-Hoc|ARM64
		Ad-Hoc|iPhone = Ad-Hoc|iPhone
		Ad-Hoc|iPhoneSimulator = Ad-Hoc|iPhoneSimulator
		Ad-Hoc|x64 = Ad-Hoc|x64
		Ad-Hoc|x86 = Ad-Hoc|x86
		AppStore|Any CPU = AppStore|Any CPU
		AppStore|ARM = AppStore|ARM
		AppStore|ARM64 = AppStore|ARM64
		AppStore|iPhone = AppStore|iPhone
		AppStore|iPhoneSimulator = AppStore|iPhoneSimulator
		AppStore|x64 = AppStore|x64
		AppStore|x86 = AppStore|x86
		Debug|Any CPU = Debug|Any CPU
		Debug|ARM = Debug|ARM
		Debug|ARM64 = Debug|ARM64
		Debug|iPhone = Debug|iPhone
		Debug|iPhoneSimulator = Debug|iPhoneSimulator
		Debug|x64 = Debug|x64
		Debug|x86 = Debug|x86
		Release|Any CPU = Release|Any CPU
		Release|ARM = Release|ARM
		Release|ARM64 = Release|ARM64
		Release|iPhone = Release|iPhone
		Release|iPhoneSimulator = Release|iPhoneSimulator
		Release|x64 = Release|x64
		Release|x86 = Release|x86
	EndGlobalSection
	GlobalSection(ProjectConfigurationPlatforms) = postSolution
		{193171F1-AE38-4D6E-8BC8-19218F8DF28E}.Ad-Hoc|Any CPU.ActiveCfg = Debug|Any CPU
		{193171F1-AE38-4D6E-8BC8-19218F8DF28E}.Ad-Hoc|Any CPU.Build.0 = Debug|Any CPU
		{193171F1-AE38-4D6E-8BC8-19218F8DF28E}.Ad-Hoc|Any CPU.Deploy.0 = Debug|Any CPU
		{193171F1-AE38-4D6E-8BC8-19218F8DF28E}.Ad-Hoc|ARM.ActiveCfg = Debug|Any CPU
		{193171F1-AE38-4D6E-8BC8-19218F8DF28E}.Ad-Hoc|ARM.Build.0 = Debug|Any CPU
		{193171F1-AE38-4D6E-8BC8-19218F8DF28E}.Ad-Hoc|ARM.Deploy.0 = Debug|Any CPU
		{193171F1-AE38-4D6E-8BC8-19218F8DF28E}.Ad-Hoc|ARM64.ActiveCfg = Debug|Any CPU
		{193171F1-AE38-4D6E-8BC8-19218F8DF28E}.Ad-Hoc|ARM64.Build.0 = Debug|Any CPU
		{193171F1-AE38-4D6E-8BC8-19218F8DF28E}.Ad-Hoc|ARM64.Deploy.0 = Debug|Any CPU
		{193171F1-AE38-4D6E-8BC8-19218F8DF28E}.Ad-Hoc|iPhone.ActiveCfg = Debug|Any CPU
		{193171F1-AE38-4D6E-8BC8-19218F8DF28E}.Ad-Hoc|iPhone.Build.0 = Debug|Any CPU
		{193171F1-AE38-4D6E-8BC8-19218F8DF28E}.Ad-Hoc|iPhone.Deploy.0 = Debug|Any CPU
		{193171F1-AE38-4D6E-8BC8-19218F8DF28E}.Ad-Hoc|iPhoneSimulator.ActiveCfg = Debug|Any CPU
		{193171F1-AE38-4D6E-8BC8-19218F8DF28E}.Ad-Hoc|iPhoneSimulator.Build.0 = Debug|Any CPU
		{193171F1-AE38-4D6E-8BC8-19218F8DF28E}.Ad-Hoc|iPhoneSimulator.Deploy.0 = Debug|Any CPU
		{193171F1-AE38-4D6E-8BC8-19218F8DF28E}.Ad-Hoc|x64.ActiveCfg = Debug|Any CPU
		{193171F1-AE38-4D6E-8BC8-19218F8DF28E}.Ad-Hoc|x64.Build.0 = Debug|Any CPU
		{193171F1-AE38-4D6E-8BC8-19218F8DF28E}.Ad-Hoc|x64.Deploy.0 = Debug|Any CPU
		{193171F1-AE38-4D6E-8BC8-19218F8DF28E}.Ad-Hoc|x86.ActiveCfg = Debug|Any CPU
		{193171F1-AE38-4D6E-8BC8-19218F8DF28E}.Ad-Hoc|x86.Build.0 = Debug|Any CPU
		{193171F1-AE38-4D6E-8BC8-19218F8DF28E}.Ad-Hoc|x86.Deploy.0 = Debug|Any CPU
		{193171F1-AE38-4D6E-8BC8-19218F8DF28E}.AppStore|Any CPU.ActiveCfg = Debug|Any CPU
		{193171F1-AE38-4D6E-8BC8-19218F8DF28E}.AppStore|Any CPU.Build.0 = Debug|Any CPU
		{193171F1-AE38-4D6E-8BC8-19218F8DF28E}.AppStore|Any CPU.Deploy.0 = Debug|Any CPU
		{193171F1-AE38-4D6E-8BC8-19218F8DF28E}.AppStore|ARM.ActiveCfg = Debug|Any CPU
		{193171F1-AE38-4D6E-8BC8-19218F8DF28E}.AppStore|ARM.Build.0 = Debug|Any CPU
		{193171F1-AE38-4D6E-8BC8-19218F8DF28E}.AppStore|ARM.Deploy.0 = Debug|Any CPU
		{193171F1-AE38-4D6E-8BC8-19218F8DF28E}.AppStore|ARM64.ActiveCfg = Debug|Any CPU
		{193171F1-AE38-4D6E-8BC8-19218F8DF28E}.AppStore|ARM64.Build.0 = Debug|Any CPU
		{193171F1-AE38-4D6E-8BC8-19218F8DF28E}.AppStore|ARM64.Deploy.0 = Debug|Any CPU
		{193171F1-AE38-4D6E-8BC8-19218F8DF28E}.AppStore|iPhone.ActiveCfg = Debug|Any CPU
		{193171F1-AE38-4D6E-8BC8-19218F8DF28E}.AppStore|iPhone.Build.0 = Debug|Any CPU
		{193171F1-AE38-4D6E-8BC8-19218F8DF28E}.AppStore|iPhone.Deploy.0 = Debug|Any CPU
		{193171F1-AE38-4D6E-8BC8-19218F8DF28E}.AppStore|iPhoneSimulator.ActiveCfg = Debug|Any CPU
		{193171F1-AE38-4D6E-8BC8-19218F8DF28E}.AppStore|iPhoneSimulator.Build.0 = Debug|Any CPU
		{193171F1-AE38-4D6E-8BC8-19218F8DF28E}.AppStore|iPhoneSimulator.Deploy.0 = Debug|Any CPU
		{193171F1-AE38-4D6E-8BC8-19218F8DF28E}.AppStore|x64.ActiveCfg = Debug|Any CPU
		{193171F1-AE38-4D6E-8BC8-19218F8DF28E}.AppStore|x64.Build.0 = Debug|Any CPU
		{193171F1-AE38-4D6E-8BC8-19218F8DF28E}.AppStore|x64.Deploy.0 = Debug|Any CPU
		{193171F1-AE38-4D6E-8BC8-19218F8DF28E}.AppStore|x86.ActiveCfg = Debug|Any CPU
		{193171F1-AE38-4D6E-8BC8-19218F8DF28E}.AppStore|x86.Build.0 = Debug|Any CPU
		{193171F1-AE38-4D6E-8BC8-19218F8DF28E}.AppStore|x86.Deploy.0 = Debug|Any CPU
		{193171F1-AE38-4D6E-8BC8-19218F8DF28E}.Debug|Any CPU.ActiveCfg = Debug|Any CPU
		{193171F1-AE38-4D6E-8BC8-19218F8DF28E}.Debug|Any CPU.Build.0 = Debug|Any CPU
		{193171F1-AE38-4D6E-8BC8-19218F8DF28E}.Debug|Any CPU.Deploy.0 = Debug|Any CPU
		{193171F1-AE38-4D6E-8BC8-19218F8DF28E}.Debug|ARM.ActiveCfg = Debug|Any CPU
		{193171F1-AE38-4D6E-8BC8-19218F8DF28E}.Debug|ARM.Build.0 = Debug|Any CPU
		{193171F1-AE38-4D6E-8BC8-19218F8DF28E}.Debug|ARM.Deploy.0 = Debug|Any CPU
		{193171F1-AE38-4D6E-8BC8-19218F8DF28E}.Debug|ARM64.ActiveCfg = Debug|Any CPU
		{193171F1-AE38-4D6E-8BC8-19218F8DF28E}.Debug|ARM64.Build.0 = Debug|Any CPU
		{193171F1-AE38-4D6E-8BC8-19218F8DF28E}.Debug|ARM64.Deploy.0 = Debug|Any CPU
		{193171F1-AE38-4D6E-8BC8-19218F8DF28E}.Debug|iPhone.ActiveCfg = Debug|Any CPU
		{193171F1-AE38-4D6E-8BC8-19218F8DF28E}.Debug|iPhone.Build.0 = Debug|Any CPU
		{193171F1-AE38-4D6E-8BC8-19218F8DF28E}.Debug|iPhone.Deploy.0 = Debug|Any CPU
		{193171F1-AE38-4D6E-8BC8-19218F8DF28E}.Debug|iPhoneSimulator.ActiveCfg = Debug|Any CPU
		{193171F1-AE38-4D6E-8BC8-19218F8DF28E}.Debug|iPhoneSimulator.Build.0 = Debug|Any CPU
		{193171F1-AE38-4D6E-8BC8-19218F8DF28E}.Debug|iPhoneSimulator.Deploy.0 = Debug|Any CPU
		{193171F1-AE38-4D6E-8BC8-19218F8DF28E}.Debug|x64.ActiveCfg = Debug|Any CPU
		{193171F1-AE38-4D6E-8BC8-19218F8DF28E}.Debug|x64.Build.0 = Debug|Any CPU
		{193171F1-AE38-4D6E-8BC8-19218F8DF28E}.Debug|x64.Deploy.0 = Debug|Any CPU
		{193171F1-AE38-4D6E-8BC8-19218F8DF28E}.Debug|x86.ActiveCfg = Debug|Any CPU
		{193171F1-AE38-4D6E-8BC8-19218F8DF28E}.Debug|x86.Build.0 = Debug|Any CPU
		{193171F1-AE38-4D6E-8BC8-19218F8DF28E}.Debug|x86.Deploy.0 = Debug|Any CPU
		{193171F1-AE38-4D6E-8BC8-19218F8DF28E}.Release|Any CPU.ActiveCfg = Release|Any CPU
		{193171F1-AE38-4D6E-8BC8-19218F8DF28E}.Release|Any CPU.Build.0 = Release|Any CPU
		{193171F1-AE38-4D6E-8BC8-19218F8DF28E}.Release|Any CPU.Deploy.0 = Release|Any CPU
		{193171F1-AE38-4D6E-8BC8-19218F8DF28E}.Release|ARM.ActiveCfg = Release|Any CPU
		{193171F1-AE38-4D6E-8BC8-19218F8DF28E}.Release|ARM.Build.0 = Release|Any CPU
		{193171F1-AE38-4D6E-8BC8-19218F8DF28E}.Release|ARM.Deploy.0 = Release|Any CPU
		{193171F1-AE38-4D6E-8BC8-19218F8DF28E}.Release|ARM64.ActiveCfg = Release|Any CPU
		{193171F1-AE38-4D6E-8BC8-19218F8DF28E}.Release|ARM64.Build.0 = Release|Any CPU
		{193171F1-AE38-4D6E-8BC8-19218F8DF28E}.Release|ARM64.Deploy.0 = Release|Any CPU
		{193171F1-AE38-4D6E-8BC8-19218F8DF28E}.Release|iPhone.ActiveCfg = Release|Any CPU
		{193171F1-AE38-4D6E-8BC8-19218F8DF28E}.Release|iPhone.Build.0 = Release|Any CPU
		{193171F1-AE38-4D6E-8BC8-19218F8DF28E}.Release|iPhone.Deploy.0 = Release|Any CPU
		{193171F1-AE38-4D6E-8BC8-19218F8DF28E}.Release|iPhoneSimulator.ActiveCfg = Release|Any CPU
		{193171F1-AE38-4D6E-8BC8-19218F8DF28E}.Release|iPhoneSimulator.Build.0 = Release|Any CPU
		{193171F1-AE38-4D6E-8BC8-19218F8DF28E}.Release|iPhoneSimulator.Deploy.0 = Release|Any CPU
		{193171F1-AE38-4D6E-8BC8-19218F8DF28E}.Release|x64.ActiveCfg = Release|Any CPU
		{193171F1-AE38-4D6E-8BC8-19218F8DF28E}.Release|x64.Build.0 = Release|Any CPU
		{193171F1-AE38-4D6E-8BC8-19218F8DF28E}.Release|x64.Deploy.0 = Release|Any CPU
		{193171F1-AE38-4D6E-8BC8-19218F8DF28E}.Release|x86.ActiveCfg = Release|Any CPU
		{193171F1-AE38-4D6E-8BC8-19218F8DF28E}.Release|x86.Build.0 = Release|Any CPU
		{193171F1-AE38-4D6E-8BC8-19218F8DF28E}.Release|x86.Deploy.0 = Release|Any CPU
		{CBD6D3E3-A6BE-4DF2-B693-A5698733EF43}.Ad-Hoc|Any CPU.ActiveCfg = Ad-Hoc|iPhoneSimulator
		{CBD6D3E3-A6BE-4DF2-B693-A5698733EF43}.Ad-Hoc|Any CPU.Build.0 = Ad-Hoc|iPhoneSimulator
		{CBD6D3E3-A6BE-4DF2-B693-A5698733EF43}.Ad-Hoc|ARM.ActiveCfg = Ad-Hoc|iPhoneSimulator
		{CBD6D3E3-A6BE-4DF2-B693-A5698733EF43}.Ad-Hoc|ARM.Build.0 = Ad-Hoc|iPhoneSimulator
		{CBD6D3E3-A6BE-4DF2-B693-A5698733EF43}.Ad-Hoc|ARM64.ActiveCfg = Ad-Hoc|iPhoneSimulator
		{CBD6D3E3-A6BE-4DF2-B693-A5698733EF43}.Ad-Hoc|ARM64.Build.0 = Ad-Hoc|iPhoneSimulator
		{CBD6D3E3-A6BE-4DF2-B693-A5698733EF43}.Ad-Hoc|iPhone.ActiveCfg = Ad-Hoc|iPhone
		{CBD6D3E3-A6BE-4DF2-B693-A5698733EF43}.Ad-Hoc|iPhone.Build.0 = Ad-Hoc|iPhone
		{CBD6D3E3-A6BE-4DF2-B693-A5698733EF43}.Ad-Hoc|iPhoneSimulator.ActiveCfg = Ad-Hoc|iPhoneSimulator
		{CBD6D3E3-A6BE-4DF2-B693-A5698733EF43}.Ad-Hoc|iPhoneSimulator.Build.0 = Ad-Hoc|iPhoneSimulator
		{CBD6D3E3-A6BE-4DF2-B693-A5698733EF43}.Ad-Hoc|x64.ActiveCfg = Ad-Hoc|iPhoneSimulator
		{CBD6D3E3-A6BE-4DF2-B693-A5698733EF43}.Ad-Hoc|x64.Build.0 = Ad-Hoc|iPhoneSimulator
		{CBD6D3E3-A6BE-4DF2-B693-A5698733EF43}.Ad-Hoc|x86.ActiveCfg = Ad-Hoc|iPhoneSimulator
		{CBD6D3E3-A6BE-4DF2-B693-A5698733EF43}.Ad-Hoc|x86.Build.0 = Ad-Hoc|iPhoneSimulator
		{CBD6D3E3-A6BE-4DF2-B693-A5698733EF43}.AppStore|Any CPU.ActiveCfg = AppStore|iPhoneSimulator
		{CBD6D3E3-A6BE-4DF2-B693-A5698733EF43}.AppStore|Any CPU.Build.0 = AppStore|iPhoneSimulator
		{CBD6D3E3-A6BE-4DF2-B693-A5698733EF43}.AppStore|ARM.ActiveCfg = AppStore|iPhoneSimulator
		{CBD6D3E3-A6BE-4DF2-B693-A5698733EF43}.AppStore|ARM.Build.0 = AppStore|iPhoneSimulator
		{CBD6D3E3-A6BE-4DF2-B693-A5698733EF43}.AppStore|ARM64.ActiveCfg = AppStore|iPhoneSimulator
		{CBD6D3E3-A6BE-4DF2-B693-A5698733EF43}.AppStore|ARM64.Build.0 = AppStore|iPhoneSimulator
		{CBD6D3E3-A6BE-4DF2-B693-A5698733EF43}.AppStore|iPhone.ActiveCfg = AppStore|iPhone
		{CBD6D3E3-A6BE-4DF2-B693-A5698733EF43}.AppStore|iPhone.Build.0 = AppStore|iPhone
		{CBD6D3E3-A6BE-4DF2-B693-A5698733EF43}.AppStore|iPhoneSimulator.ActiveCfg = AppStore|iPhoneSimulator
		{CBD6D3E3-A6BE-4DF2-B693-A5698733EF43}.AppStore|iPhoneSimulator.Build.0 = AppStore|iPhoneSimulator
		{CBD6D3E3-A6BE-4DF2-B693-A5698733EF43}.AppStore|x64.ActiveCfg = AppStore|iPhoneSimulator
		{CBD6D3E3-A6BE-4DF2-B693-A5698733EF43}.AppStore|x64.Build.0 = AppStore|iPhoneSimulator
		{CBD6D3E3-A6BE-4DF2-B693-A5698733EF43}.AppStore|x86.ActiveCfg = AppStore|iPhoneSimulator
		{CBD6D3E3-A6BE-4DF2-B693-A5698733EF43}.AppStore|x86.Build.0 = AppStore|iPhoneSimulator
		{CBD6D3E3-A6BE-4DF2-B693-A5698733EF43}.Debug|Any CPU.ActiveCfg = Debug|iPhoneSimulator
		{CBD6D3E3-A6BE-4DF2-B693-A5698733EF43}.Debug|Any CPU.Build.0 = Debug|iPhoneSimulator
		{CBD6D3E3-A6BE-4DF2-B693-A5698733EF43}.Debug|ARM.ActiveCfg = Debug|iPhoneSimulator
		{CBD6D3E3-A6BE-4DF2-B693-A5698733EF43}.Debug|ARM.Build.0 = Debug|iPhoneSimulator
		{CBD6D3E3-A6BE-4DF2-B693-A5698733EF43}.Debug|ARM64.ActiveCfg = Debug|iPhoneSimulator
		{CBD6D3E3-A6BE-4DF2-B693-A5698733EF43}.Debug|ARM64.Build.0 = Debug|iPhoneSimulator
		{CBD6D3E3-A6BE-4DF2-B693-A5698733EF43}.Debug|iPhone.ActiveCfg = Debug|iPhone
		{CBD6D3E3-A6BE-4DF2-B693-A5698733EF43}.Debug|iPhone.Build.0 = Debug|iPhone
		{CBD6D3E3-A6BE-4DF2-B693-A5698733EF43}.Debug|iPhone.Deploy.0 = Debug|iPhone
		{CBD6D3E3-A6BE-4DF2-B693-A5698733EF43}.Debug|iPhoneSimulator.ActiveCfg = Debug|iPhoneSimulator
		{CBD6D3E3-A6BE-4DF2-B693-A5698733EF43}.Debug|iPhoneSimulator.Build.0 = Debug|iPhoneSimulator
		{CBD6D3E3-A6BE-4DF2-B693-A5698733EF43}.Debug|iPhoneSimulator.Deploy.0 = Debug|iPhoneSimulator
		{CBD6D3E3-A6BE-4DF2-B693-A5698733EF43}.Debug|x64.ActiveCfg = Debug|iPhoneSimulator
		{CBD6D3E3-A6BE-4DF2-B693-A5698733EF43}.Debug|x64.Build.0 = Debug|iPhoneSimulator
		{CBD6D3E3-A6BE-4DF2-B693-A5698733EF43}.Debug|x86.ActiveCfg = Debug|iPhoneSimulator
		{CBD6D3E3-A6BE-4DF2-B693-A5698733EF43}.Debug|x86.Build.0 = Debug|iPhoneSimulator
		{CBD6D3E3-A6BE-4DF2-B693-A5698733EF43}.Release|Any CPU.ActiveCfg = Release|iPhoneSimulator
		{CBD6D3E3-A6BE-4DF2-B693-A5698733EF43}.Release|Any CPU.Build.0 = Release|iPhoneSimulator
		{CBD6D3E3-A6BE-4DF2-B693-A5698733EF43}.Release|ARM.ActiveCfg = Release|iPhoneSimulator
		{CBD6D3E3-A6BE-4DF2-B693-A5698733EF43}.Release|ARM.Build.0 = Release|iPhoneSimulator
		{CBD6D3E3-A6BE-4DF2-B693-A5698733EF43}.Release|ARM64.ActiveCfg = Release|iPhoneSimulator
		{CBD6D3E3-A6BE-4DF2-B693-A5698733EF43}.Release|ARM64.Build.0 = Release|iPhoneSimulator
		{CBD6D3E3-A6BE-4DF2-B693-A5698733EF43}.Release|iPhone.ActiveCfg = Release|iPhone
		{CBD6D3E3-A6BE-4DF2-B693-A5698733EF43}.Release|iPhone.Build.0 = Release|iPhone
		{CBD6D3E3-A6BE-4DF2-B693-A5698733EF43}.Release|iPhoneSimulator.ActiveCfg = Release|iPhoneSimulator
		{CBD6D3E3-A6BE-4DF2-B693-A5698733EF43}.Release|iPhoneSimulator.Build.0 = Release|iPhoneSimulator
		{CBD6D3E3-A6BE-4DF2-B693-A5698733EF43}.Release|x64.ActiveCfg = Release|iPhoneSimulator
		{CBD6D3E3-A6BE-4DF2-B693-A5698733EF43}.Release|x64.Build.0 = Release|iPhoneSimulator
		{CBD6D3E3-A6BE-4DF2-B693-A5698733EF43}.Release|x86.ActiveCfg = Release|iPhoneSimulator
		{CBD6D3E3-A6BE-4DF2-B693-A5698733EF43}.Release|x86.Build.0 = Release|iPhoneSimulator
		{41679CF2-DE67-4B40-BE78-3B4AE88DE8F2}.Ad-Hoc|Any CPU.ActiveCfg = Debug|x64
		{41679CF2-DE67-4B40-BE78-3B4AE88DE8F2}.Ad-Hoc|Any CPU.Build.0 = Debug|x64
		{41679CF2-DE67-4B40-BE78-3B4AE88DE8F2}.Ad-Hoc|Any CPU.Deploy.0 = Debug|x64
		{41679CF2-DE67-4B40-BE78-3B4AE88DE8F2}.Ad-Hoc|ARM.ActiveCfg = Debug|ARM
		{41679CF2-DE67-4B40-BE78-3B4AE88DE8F2}.Ad-Hoc|ARM.Build.0 = Debug|ARM
		{41679CF2-DE67-4B40-BE78-3B4AE88DE8F2}.Ad-Hoc|ARM.Deploy.0 = Debug|ARM
		{41679CF2-DE67-4B40-BE78-3B4AE88DE8F2}.Ad-Hoc|ARM64.ActiveCfg = Debug|ARM64
		{41679CF2-DE67-4B40-BE78-3B4AE88DE8F2}.Ad-Hoc|ARM64.Build.0 = Debug|ARM64
		{41679CF2-DE67-4B40-BE78-3B4AE88DE8F2}.Ad-Hoc|ARM64.Deploy.0 = Debug|ARM64
		{41679CF2-DE67-4B40-BE78-3B4AE88DE8F2}.Ad-Hoc|iPhone.ActiveCfg = Debug|x64
		{41679CF2-DE67-4B40-BE78-3B4AE88DE8F2}.Ad-Hoc|iPhone.Build.0 = Debug|x64
		{41679CF2-DE67-4B40-BE78-3B4AE88DE8F2}.Ad-Hoc|iPhone.Deploy.0 = Debug|x64
		{41679CF2-DE67-4B40-BE78-3B4AE88DE8F2}.Ad-Hoc|iPhoneSimulator.ActiveCfg = Debug|x64
		{41679CF2-DE67-4B40-BE78-3B4AE88DE8F2}.Ad-Hoc|iPhoneSimulator.Build.0 = Debug|x64
		{41679CF2-DE67-4B40-BE78-3B4AE88DE8F2}.Ad-Hoc|iPhoneSimulator.Deploy.0 = Debug|x64
		{41679CF2-DE67-4B40-BE78-3B4AE88DE8F2}.Ad-Hoc|x64.ActiveCfg = Debug|x64
		{41679CF2-DE67-4B40-BE78-3B4AE88DE8F2}.Ad-Hoc|x64.Build.0 = Debug|x64
		{41679CF2-DE67-4B40-BE78-3B4AE88DE8F2}.Ad-Hoc|x64.Deploy.0 = Debug|x64
		{41679CF2-DE67-4B40-BE78-3B4AE88DE8F2}.Ad-Hoc|x86.ActiveCfg = Debug|x86
		{41679CF2-DE67-4B40-BE78-3B4AE88DE8F2}.Ad-Hoc|x86.Build.0 = Debug|x86
		{41679CF2-DE67-4B40-BE78-3B4AE88DE8F2}.Ad-Hoc|x86.Deploy.0 = Debug|x86
		{41679CF2-DE67-4B40-BE78-3B4AE88DE8F2}.AppStore|Any CPU.ActiveCfg = Debug|x64
		{41679CF2-DE67-4B40-BE78-3B4AE88DE8F2}.AppStore|Any CPU.Build.0 = Debug|x64
		{41679CF2-DE67-4B40-BE78-3B4AE88DE8F2}.AppStore|Any CPU.Deploy.0 = Debug|x64
		{41679CF2-DE67-4B40-BE78-3B4AE88DE8F2}.AppStore|ARM.ActiveCfg = Debug|ARM
		{41679CF2-DE67-4B40-BE78-3B4AE88DE8F2}.AppStore|ARM.Build.0 = Debug|ARM
		{41679CF2-DE67-4B40-BE78-3B4AE88DE8F2}.AppStore|ARM.Deploy.0 = Debug|ARM
		{41679CF2-DE67-4B40-BE78-3B4AE88DE8F2}.AppStore|ARM64.ActiveCfg = Debug|ARM64
		{41679CF2-DE67-4B40-BE78-3B4AE88DE8F2}.AppStore|ARM64.Build.0 = Debug|ARM64
		{41679CF2-DE67-4B40-BE78-3B4AE88DE8F2}.AppStore|ARM64.Deploy.0 = Debug|ARM64
		{41679CF2-DE67-4B40-BE78-3B4AE88DE8F2}.AppStore|iPhone.ActiveCfg = Debug|x64
		{41679CF2-DE67-4B40-BE78-3B4AE88DE8F2}.AppStore|iPhone.Build.0 = Debug|x64
		{41679CF2-DE67-4B40-BE78-3B4AE88DE8F2}.AppStore|iPhone.Deploy.0 = Debug|x64
		{41679CF2-DE67-4B40-BE78-3B4AE88DE8F2}.AppStore|iPhoneSimulator.ActiveCfg = Debug|x64
		{41679CF2-DE67-4B40-BE78-3B4AE88DE8F2}.AppStore|iPhoneSimulator.Build.0 = Debug|x64
		{41679CF2-DE67-4B40-BE78-3B4AE88DE8F2}.AppStore|iPhoneSimulator.Deploy.0 = Debug|x64
		{41679CF2-DE67-4B40-BE78-3B4AE88DE8F2}.AppStore|x64.ActiveCfg = Debug|x64
		{41679CF2-DE67-4B40-BE78-3B4AE88DE8F2}.AppStore|x64.Build.0 = Debug|x64
		{41679CF2-DE67-4B40-BE78-3B4AE88DE8F2}.AppStore|x64.Deploy.0 = Debug|x64
		{41679CF2-DE67-4B40-BE78-3B4AE88DE8F2}.AppStore|x86.ActiveCfg = Debug|x86
		{41679CF2-DE67-4B40-BE78-3B4AE88DE8F2}.AppStore|x86.Build.0 = Debug|x86
		{41679CF2-DE67-4B40-BE78-3B4AE88DE8F2}.AppStore|x86.Deploy.0 = Debug|x86
		{41679CF2-DE67-4B40-BE78-3B4AE88DE8F2}.Debug|Any CPU.ActiveCfg = Debug|x64
		{41679CF2-DE67-4B40-BE78-3B4AE88DE8F2}.Debug|Any CPU.Build.0 = Debug|x64
		{41679CF2-DE67-4B40-BE78-3B4AE88DE8F2}.Debug|Any CPU.Deploy.0 = Debug|x64
		{41679CF2-DE67-4B40-BE78-3B4AE88DE8F2}.Debug|ARM.ActiveCfg = Debug|ARM
		{41679CF2-DE67-4B40-BE78-3B4AE88DE8F2}.Debug|ARM.Build.0 = Debug|ARM
		{41679CF2-DE67-4B40-BE78-3B4AE88DE8F2}.Debug|ARM.Deploy.0 = Debug|ARM
		{41679CF2-DE67-4B40-BE78-3B4AE88DE8F2}.Debug|ARM64.ActiveCfg = Debug|ARM64
		{41679CF2-DE67-4B40-BE78-3B4AE88DE8F2}.Debug|ARM64.Build.0 = Debug|ARM64
		{41679CF2-DE67-4B40-BE78-3B4AE88DE8F2}.Debug|ARM64.Deploy.0 = Debug|ARM64
		{41679CF2-DE67-4B40-BE78-3B4AE88DE8F2}.Debug|iPhone.ActiveCfg = Debug|x64
		{41679CF2-DE67-4B40-BE78-3B4AE88DE8F2}.Debug|iPhone.Build.0 = Debug|x64
		{41679CF2-DE67-4B40-BE78-3B4AE88DE8F2}.Debug|iPhone.Deploy.0 = Debug|x64
		{41679CF2-DE67-4B40-BE78-3B4AE88DE8F2}.Debug|iPhoneSimulator.ActiveCfg = Debug|x64
		{41679CF2-DE67-4B40-BE78-3B4AE88DE8F2}.Debug|iPhoneSimulator.Build.0 = Debug|x64
		{41679CF2-DE67-4B40-BE78-3B4AE88DE8F2}.Debug|iPhoneSimulator.Deploy.0 = Debug|x64
		{41679CF2-DE67-4B40-BE78-3B4AE88DE8F2}.Debug|x64.ActiveCfg = Debug|x64
		{41679CF2-DE67-4B40-BE78-3B4AE88DE8F2}.Debug|x64.Build.0 = Debug|x64
		{41679CF2-DE67-4B40-BE78-3B4AE88DE8F2}.Debug|x64.Deploy.0 = Debug|x64
		{41679CF2-DE67-4B40-BE78-3B4AE88DE8F2}.Debug|x86.ActiveCfg = Debug|x86
		{41679CF2-DE67-4B40-BE78-3B4AE88DE8F2}.Debug|x86.Build.0 = Debug|x86
		{41679CF2-DE67-4B40-BE78-3B4AE88DE8F2}.Debug|x86.Deploy.0 = Debug|x86
		{41679CF2-DE67-4B40-BE78-3B4AE88DE8F2}.Release|Any CPU.ActiveCfg = Release|x64
		{41679CF2-DE67-4B40-BE78-3B4AE88DE8F2}.Release|Any CPU.Build.0 = Release|x64
		{41679CF2-DE67-4B40-BE78-3B4AE88DE8F2}.Release|Any CPU.Deploy.0 = Release|x64
		{41679CF2-DE67-4B40-BE78-3B4AE88DE8F2}.Release|ARM.ActiveCfg = Release|ARM
		{41679CF2-DE67-4B40-BE78-3B4AE88DE8F2}.Release|ARM.Build.0 = Release|ARM
		{41679CF2-DE67-4B40-BE78-3B4AE88DE8F2}.Release|ARM.Deploy.0 = Release|ARM
		{41679CF2-DE67-4B40-BE78-3B4AE88DE8F2}.Release|ARM64.ActiveCfg = Release|ARM64
		{41679CF2-DE67-4B40-BE78-3B4AE88DE8F2}.Release|ARM64.Build.0 = Release|ARM64
		{41679CF2-DE67-4B40-BE78-3B4AE88DE8F2}.Release|ARM64.Deploy.0 = Release|ARM64
		{41679CF2-DE67-4B40-BE78-3B4AE88DE8F2}.Release|iPhone.ActiveCfg = Release|x64
		{41679CF2-DE67-4B40-BE78-3B4AE88DE8F2}.Release|iPhone.Build.0 = Release|x64
		{41679CF2-DE67-4B40-BE78-3B4AE88DE8F2}.Release|iPhone.Deploy.0 = Release|x64
		{41679CF2-DE67-4B40-BE78-3B4AE88DE8F2}.Release|iPhoneSimulator.ActiveCfg = Release|x64
		{41679CF2-DE67-4B40-BE78-3B4AE88DE8F2}.Release|iPhoneSimulator.Build.0 = Release|x64
		{41679CF2-DE67-4B40-BE78-3B4AE88DE8F2}.Release|iPhoneSimulator.Deploy.0 = Release|x64
		{41679CF2-DE67-4B40-BE78-3B4AE88DE8F2}.Release|x64.ActiveCfg = Release|x64
		{41679CF2-DE67-4B40-BE78-3B4AE88DE8F2}.Release|x64.Build.0 = Release|x64
		{41679CF2-DE67-4B40-BE78-3B4AE88DE8F2}.Release|x64.Deploy.0 = Release|x64
		{41679CF2-DE67-4B40-BE78-3B4AE88DE8F2}.Release|x86.ActiveCfg = Release|x86
		{41679CF2-DE67-4B40-BE78-3B4AE88DE8F2}.Release|x86.Build.0 = Release|x86
		{41679CF2-DE67-4B40-BE78-3B4AE88DE8F2}.Release|x86.Deploy.0 = Release|x86
		{9C59418F-CE7F-4108-A0AB-AF87353B71A6}.Ad-Hoc|Any CPU.ActiveCfg = Debug|Any CPU
		{9C59418F-CE7F-4108-A0AB-AF87353B71A6}.Ad-Hoc|Any CPU.Build.0 = Debug|Any CPU
		{9C59418F-CE7F-4108-A0AB-AF87353B71A6}.Ad-Hoc|ARM.ActiveCfg = Debug|Any CPU
		{9C59418F-CE7F-4108-A0AB-AF87353B71A6}.Ad-Hoc|ARM.Build.0 = Debug|Any CPU
		{9C59418F-CE7F-4108-A0AB-AF87353B71A6}.Ad-Hoc|ARM64.ActiveCfg = Debug|Any CPU
		{9C59418F-CE7F-4108-A0AB-AF87353B71A6}.Ad-Hoc|ARM64.Build.0 = Debug|Any CPU
		{9C59418F-CE7F-4108-A0AB-AF87353B71A6}.Ad-Hoc|iPhone.ActiveCfg = Debug|Any CPU
		{9C59418F-CE7F-4108-A0AB-AF87353B71A6}.Ad-Hoc|iPhone.Build.0 = Debug|Any CPU
		{9C59418F-CE7F-4108-A0AB-AF87353B71A6}.Ad-Hoc|iPhoneSimulator.ActiveCfg = Debug|Any CPU
		{9C59418F-CE7F-4108-A0AB-AF87353B71A6}.Ad-Hoc|iPhoneSimulator.Build.0 = Debug|Any CPU
		{9C59418F-CE7F-4108-A0AB-AF87353B71A6}.Ad-Hoc|x64.ActiveCfg = Debug|Any CPU
		{9C59418F-CE7F-4108-A0AB-AF87353B71A6}.Ad-Hoc|x64.Build.0 = Debug|Any CPU
		{9C59418F-CE7F-4108-A0AB-AF87353B71A6}.Ad-Hoc|x86.ActiveCfg = Debug|Any CPU
		{9C59418F-CE7F-4108-A0AB-AF87353B71A6}.Ad-Hoc|x86.Build.0 = Debug|Any CPU
		{9C59418F-CE7F-4108-A0AB-AF87353B71A6}.AppStore|Any CPU.ActiveCfg = Debug|Any CPU
		{9C59418F-CE7F-4108-A0AB-AF87353B71A6}.AppStore|Any CPU.Build.0 = Debug|Any CPU
		{9C59418F-CE7F-4108-A0AB-AF87353B71A6}.AppStore|ARM.ActiveCfg = Debug|Any CPU
		{9C59418F-CE7F-4108-A0AB-AF87353B71A6}.AppStore|ARM.Build.0 = Debug|Any CPU
		{9C59418F-CE7F-4108-A0AB-AF87353B71A6}.AppStore|ARM64.ActiveCfg = Debug|Any CPU
		{9C59418F-CE7F-4108-A0AB-AF87353B71A6}.AppStore|ARM64.Build.0 = Debug|Any CPU
		{9C59418F-CE7F-4108-A0AB-AF87353B71A6}.AppStore|iPhone.ActiveCfg = Debug|Any CPU
		{9C59418F-CE7F-4108-A0AB-AF87353B71A6}.AppStore|iPhone.Build.0 = Debug|Any CPU
		{9C59418F-CE7F-4108-A0AB-AF87353B71A6}.AppStore|iPhoneSimulator.ActiveCfg = Debug|Any CPU
		{9C59418F-CE7F-4108-A0AB-AF87353B71A6}.AppStore|iPhoneSimulator.Build.0 = Debug|Any CPU
		{9C59418F-CE7F-4108-A0AB-AF87353B71A6}.AppStore|x64.ActiveCfg = Debug|Any CPU
		{9C59418F-CE7F-4108-A0AB-AF87353B71A6}.AppStore|x64.Build.0 = Debug|Any CPU
		{9C59418F-CE7F-4108-A0AB-AF87353B71A6}.AppStore|x86.ActiveCfg = Debug|Any CPU
		{9C59418F-CE7F-4108-A0AB-AF87353B71A6}.AppStore|x86.Build.0 = Debug|Any CPU
		{9C59418F-CE7F-4108-A0AB-AF87353B71A6}.Debug|Any CPU.ActiveCfg = Debug|Any CPU
		{9C59418F-CE7F-4108-A0AB-AF87353B71A6}.Debug|Any CPU.Build.0 = Debug|Any CPU
		{9C59418F-CE7F-4108-A0AB-AF87353B71A6}.Debug|ARM.ActiveCfg = Debug|Any CPU
		{9C59418F-CE7F-4108-A0AB-AF87353B71A6}.Debug|ARM.Build.0 = Debug|Any CPU
		{9C59418F-CE7F-4108-A0AB-AF87353B71A6}.Debug|ARM64.ActiveCfg = Debug|Any CPU
		{9C59418F-CE7F-4108-A0AB-AF87353B71A6}.Debug|ARM64.Build.0 = Debug|Any CPU
		{9C59418F-CE7F-4108-A0AB-AF87353B71A6}.Debug|iPhone.ActiveCfg = Debug|Any CPU
		{9C59418F-CE7F-4108-A0AB-AF87353B71A6}.Debug|iPhone.Build.0 = Debug|Any CPU
		{9C59418F-CE7F-4108-A0AB-AF87353B71A6}.Debug|iPhoneSimulator.ActiveCfg = Debug|Any CPU
		{9C59418F-CE7F-4108-A0AB-AF87353B71A6}.Debug|iPhoneSimulator.Build.0 = Debug|Any CPU
		{9C59418F-CE7F-4108-A0AB-AF87353B71A6}.Debug|x64.ActiveCfg = Debug|Any CPU
		{9C59418F-CE7F-4108-A0AB-AF87353B71A6}.Debug|x64.Build.0 = Debug|Any CPU
		{9C59418F-CE7F-4108-A0AB-AF87353B71A6}.Debug|x86.ActiveCfg = Debug|Any CPU
		{9C59418F-CE7F-4108-A0AB-AF87353B71A6}.Debug|x86.Build.0 = Debug|Any CPU
		{9C59418F-CE7F-4108-A0AB-AF87353B71A6}.Release|Any CPU.ActiveCfg = Release|Any CPU
		{9C59418F-CE7F-4108-A0AB-AF87353B71A6}.Release|Any CPU.Build.0 = Release|Any CPU
		{9C59418F-CE7F-4108-A0AB-AF87353B71A6}.Release|ARM.ActiveCfg = Release|Any CPU
		{9C59418F-CE7F-4108-A0AB-AF87353B71A6}.Release|ARM.Build.0 = Release|Any CPU
		{9C59418F-CE7F-4108-A0AB-AF87353B71A6}.Release|ARM64.ActiveCfg = Release|Any CPU
		{9C59418F-CE7F-4108-A0AB-AF87353B71A6}.Release|ARM64.Build.0 = Release|Any CPU
		{9C59418F-CE7F-4108-A0AB-AF87353B71A6}.Release|iPhone.ActiveCfg = Release|Any CPU
		{9C59418F-CE7F-4108-A0AB-AF87353B71A6}.Release|iPhone.Build.0 = Release|Any CPU
		{9C59418F-CE7F-4108-A0AB-AF87353B71A6}.Release|iPhoneSimulator.ActiveCfg = Release|Any CPU
		{9C59418F-CE7F-4108-A0AB-AF87353B71A6}.Release|iPhoneSimulator.Build.0 = Release|Any CPU
		{9C59418F-CE7F-4108-A0AB-AF87353B71A6}.Release|x64.ActiveCfg = Release|Any CPU
		{9C59418F-CE7F-4108-A0AB-AF87353B71A6}.Release|x64.Build.0 = Release|Any CPU
		{9C59418F-CE7F-4108-A0AB-AF87353B71A6}.Release|x86.ActiveCfg = Release|Any CPU
		{9C59418F-CE7F-4108-A0AB-AF87353B71A6}.Release|x86.Build.0 = Release|Any CPU
		{4E305DF0-7D61-4913-BDB7-257CB9BEA3FA}.Ad-Hoc|Any CPU.ActiveCfg = Debug|iPhoneSimulator
		{4E305DF0-7D61-4913-BDB7-257CB9BEA3FA}.Ad-Hoc|Any CPU.Build.0 = Debug|iPhoneSimulator
		{4E305DF0-7D61-4913-BDB7-257CB9BEA3FA}.Ad-Hoc|ARM.ActiveCfg = Debug|iPhoneSimulator
		{4E305DF0-7D61-4913-BDB7-257CB9BEA3FA}.Ad-Hoc|ARM.Build.0 = Debug|iPhoneSimulator
		{4E305DF0-7D61-4913-BDB7-257CB9BEA3FA}.Ad-Hoc|ARM64.ActiveCfg = Debug|iPhoneSimulator
		{4E305DF0-7D61-4913-BDB7-257CB9BEA3FA}.Ad-Hoc|ARM64.Build.0 = Debug|iPhoneSimulator
		{4E305DF0-7D61-4913-BDB7-257CB9BEA3FA}.Ad-Hoc|iPhone.ActiveCfg = Debug|iPhoneSimulator
		{4E305DF0-7D61-4913-BDB7-257CB9BEA3FA}.Ad-Hoc|iPhone.Build.0 = Debug|iPhoneSimulator
		{4E305DF0-7D61-4913-BDB7-257CB9BEA3FA}.Ad-Hoc|iPhoneSimulator.ActiveCfg = Debug|iPhoneSimulator
		{4E305DF0-7D61-4913-BDB7-257CB9BEA3FA}.Ad-Hoc|iPhoneSimulator.Build.0 = Debug|iPhoneSimulator
		{4E305DF0-7D61-4913-BDB7-257CB9BEA3FA}.Ad-Hoc|x64.ActiveCfg = Debug|iPhoneSimulator
		{4E305DF0-7D61-4913-BDB7-257CB9BEA3FA}.Ad-Hoc|x64.Build.0 = Debug|iPhoneSimulator
		{4E305DF0-7D61-4913-BDB7-257CB9BEA3FA}.Ad-Hoc|x86.ActiveCfg = Debug|iPhoneSimulator
		{4E305DF0-7D61-4913-BDB7-257CB9BEA3FA}.Ad-Hoc|x86.Build.0 = Debug|iPhoneSimulator
		{4E305DF0-7D61-4913-BDB7-257CB9BEA3FA}.AppStore|Any CPU.ActiveCfg = Debug|iPhoneSimulator
		{4E305DF0-7D61-4913-BDB7-257CB9BEA3FA}.AppStore|Any CPU.Build.0 = Debug|iPhoneSimulator
		{4E305DF0-7D61-4913-BDB7-257CB9BEA3FA}.AppStore|ARM.ActiveCfg = Debug|iPhoneSimulator
		{4E305DF0-7D61-4913-BDB7-257CB9BEA3FA}.AppStore|ARM.Build.0 = Debug|iPhoneSimulator
		{4E305DF0-7D61-4913-BDB7-257CB9BEA3FA}.AppStore|ARM64.ActiveCfg = Debug|iPhoneSimulator
		{4E305DF0-7D61-4913-BDB7-257CB9BEA3FA}.AppStore|ARM64.Build.0 = Debug|iPhoneSimulator
		{4E305DF0-7D61-4913-BDB7-257CB9BEA3FA}.AppStore|iPhone.ActiveCfg = Debug|iPhoneSimulator
		{4E305DF0-7D61-4913-BDB7-257CB9BEA3FA}.AppStore|iPhone.Build.0 = Debug|iPhoneSimulator
		{4E305DF0-7D61-4913-BDB7-257CB9BEA3FA}.AppStore|iPhoneSimulator.ActiveCfg = Debug|iPhoneSimulator
		{4E305DF0-7D61-4913-BDB7-257CB9BEA3FA}.AppStore|iPhoneSimulator.Build.0 = Debug|iPhoneSimulator
		{4E305DF0-7D61-4913-BDB7-257CB9BEA3FA}.AppStore|x64.ActiveCfg = Debug|iPhoneSimulator
		{4E305DF0-7D61-4913-BDB7-257CB9BEA3FA}.AppStore|x64.Build.0 = Debug|iPhoneSimulator
		{4E305DF0-7D61-4913-BDB7-257CB9BEA3FA}.AppStore|x86.ActiveCfg = Debug|iPhoneSimulator
		{4E305DF0-7D61-4913-BDB7-257CB9BEA3FA}.AppStore|x86.Build.0 = Debug|iPhoneSimulator
		{4E305DF0-7D61-4913-BDB7-257CB9BEA3FA}.Debug|Any CPU.ActiveCfg = Debug|iPhoneSimulator
		{4E305DF0-7D61-4913-BDB7-257CB9BEA3FA}.Debug|Any CPU.Build.0 = Debug|iPhoneSimulator
		{4E305DF0-7D61-4913-BDB7-257CB9BEA3FA}.Debug|ARM.ActiveCfg = Debug|iPhoneSimulator
		{4E305DF0-7D61-4913-BDB7-257CB9BEA3FA}.Debug|ARM.Build.0 = Debug|iPhoneSimulator
		{4E305DF0-7D61-4913-BDB7-257CB9BEA3FA}.Debug|ARM64.ActiveCfg = Debug|iPhoneSimulator
		{4E305DF0-7D61-4913-BDB7-257CB9BEA3FA}.Debug|ARM64.Build.0 = Debug|iPhoneSimulator
		{4E305DF0-7D61-4913-BDB7-257CB9BEA3FA}.Debug|iPhone.ActiveCfg = Debug|iPhoneSimulator
		{4E305DF0-7D61-4913-BDB7-257CB9BEA3FA}.Debug|iPhone.Build.0 = Debug|iPhoneSimulator
		{4E305DF0-7D61-4913-BDB7-257CB9BEA3FA}.Debug|iPhoneSimulator.ActiveCfg = Debug|iPhoneSimulator
		{4E305DF0-7D61-4913-BDB7-257CB9BEA3FA}.Debug|iPhoneSimulator.Build.0 = Debug|iPhoneSimulator
		{4E305DF0-7D61-4913-BDB7-257CB9BEA3FA}.Debug|x64.ActiveCfg = Debug|iPhoneSimulator
		{4E305DF0-7D61-4913-BDB7-257CB9BEA3FA}.Debug|x64.Build.0 = Debug|iPhoneSimulator
		{4E305DF0-7D61-4913-BDB7-257CB9BEA3FA}.Debug|x86.ActiveCfg = Debug|iPhoneSimulator
		{4E305DF0-7D61-4913-BDB7-257CB9BEA3FA}.Debug|x86.Build.0 = Debug|iPhoneSimulator
		{4E305DF0-7D61-4913-BDB7-257CB9BEA3FA}.Release|Any CPU.ActiveCfg = Release|iPhoneSimulator
		{4E305DF0-7D61-4913-BDB7-257CB9BEA3FA}.Release|Any CPU.Build.0 = Release|iPhoneSimulator
		{4E305DF0-7D61-4913-BDB7-257CB9BEA3FA}.Release|ARM.ActiveCfg = Release|iPhoneSimulator
		{4E305DF0-7D61-4913-BDB7-257CB9BEA3FA}.Release|ARM.Build.0 = Release|iPhoneSimulator
		{4E305DF0-7D61-4913-BDB7-257CB9BEA3FA}.Release|ARM64.ActiveCfg = Release|iPhoneSimulator
		{4E305DF0-7D61-4913-BDB7-257CB9BEA3FA}.Release|ARM64.Build.0 = Release|iPhoneSimulator
		{4E305DF0-7D61-4913-BDB7-257CB9BEA3FA}.Release|iPhone.ActiveCfg = Release|iPhoneSimulator
		{4E305DF0-7D61-4913-BDB7-257CB9BEA3FA}.Release|iPhone.Build.0 = Release|iPhoneSimulator
		{4E305DF0-7D61-4913-BDB7-257CB9BEA3FA}.Release|iPhoneSimulator.ActiveCfg = Release|iPhoneSimulator
		{4E305DF0-7D61-4913-BDB7-257CB9BEA3FA}.Release|iPhoneSimulator.Build.0 = Release|iPhoneSimulator
		{4E305DF0-7D61-4913-BDB7-257CB9BEA3FA}.Release|x64.ActiveCfg = Release|iPhoneSimulator
		{4E305DF0-7D61-4913-BDB7-257CB9BEA3FA}.Release|x64.Build.0 = Release|iPhoneSimulator
		{4E305DF0-7D61-4913-BDB7-257CB9BEA3FA}.Release|x86.ActiveCfg = Release|iPhoneSimulator
		{4E305DF0-7D61-4913-BDB7-257CB9BEA3FA}.Release|x86.Build.0 = Release|iPhoneSimulator
		{45E4EBAC-74E0-4306-ADB8-3759F56423F3}.Ad-Hoc|Any CPU.ActiveCfg = Debug|Any CPU
		{45E4EBAC-74E0-4306-ADB8-3759F56423F3}.Ad-Hoc|Any CPU.Build.0 = Debug|Any CPU
		{45E4EBAC-74E0-4306-ADB8-3759F56423F3}.Ad-Hoc|ARM.ActiveCfg = Debug|Any CPU
		{45E4EBAC-74E0-4306-ADB8-3759F56423F3}.Ad-Hoc|ARM.Build.0 = Debug|Any CPU
		{45E4EBAC-74E0-4306-ADB8-3759F56423F3}.Ad-Hoc|ARM64.ActiveCfg = Debug|Any CPU
		{45E4EBAC-74E0-4306-ADB8-3759F56423F3}.Ad-Hoc|ARM64.Build.0 = Debug|Any CPU
		{45E4EBAC-74E0-4306-ADB8-3759F56423F3}.Ad-Hoc|iPhone.ActiveCfg = Debug|Any CPU
		{45E4EBAC-74E0-4306-ADB8-3759F56423F3}.Ad-Hoc|iPhone.Build.0 = Debug|Any CPU
		{45E4EBAC-74E0-4306-ADB8-3759F56423F3}.Ad-Hoc|iPhoneSimulator.ActiveCfg = Debug|Any CPU
		{45E4EBAC-74E0-4306-ADB8-3759F56423F3}.Ad-Hoc|iPhoneSimulator.Build.0 = Debug|Any CPU
		{45E4EBAC-74E0-4306-ADB8-3759F56423F3}.Ad-Hoc|x64.ActiveCfg = Debug|Any CPU
		{45E4EBAC-74E0-4306-ADB8-3759F56423F3}.Ad-Hoc|x64.Build.0 = Debug|Any CPU
		{45E4EBAC-74E0-4306-ADB8-3759F56423F3}.Ad-Hoc|x86.ActiveCfg = Debug|Any CPU
		{45E4EBAC-74E0-4306-ADB8-3759F56423F3}.Ad-Hoc|x86.Build.0 = Debug|Any CPU
		{45E4EBAC-74E0-4306-ADB8-3759F56423F3}.AppStore|Any CPU.ActiveCfg = Debug|Any CPU
		{45E4EBAC-74E0-4306-ADB8-3759F56423F3}.AppStore|Any CPU.Build.0 = Debug|Any CPU
		{45E4EBAC-74E0-4306-ADB8-3759F56423F3}.AppStore|ARM.ActiveCfg = Debug|Any CPU
		{45E4EBAC-74E0-4306-ADB8-3759F56423F3}.AppStore|ARM.Build.0 = Debug|Any CPU
		{45E4EBAC-74E0-4306-ADB8-3759F56423F3}.AppStore|ARM64.ActiveCfg = Debug|Any CPU
		{45E4EBAC-74E0-4306-ADB8-3759F56423F3}.AppStore|ARM64.Build.0 = Debug|Any CPU
		{45E4EBAC-74E0-4306-ADB8-3759F56423F3}.AppStore|iPhone.ActiveCfg = Debug|Any CPU
		{45E4EBAC-74E0-4306-ADB8-3759F56423F3}.AppStore|iPhone.Build.0 = Debug|Any CPU
		{45E4EBAC-74E0-4306-ADB8-3759F56423F3}.AppStore|iPhoneSimulator.ActiveCfg = Debug|Any CPU
		{45E4EBAC-74E0-4306-ADB8-3759F56423F3}.AppStore|iPhoneSimulator.Build.0 = Debug|Any CPU
		{45E4EBAC-74E0-4306-ADB8-3759F56423F3}.AppStore|x64.ActiveCfg = Debug|Any CPU
		{45E4EBAC-74E0-4306-ADB8-3759F56423F3}.AppStore|x64.Build.0 = Debug|Any CPU
		{45E4EBAC-74E0-4306-ADB8-3759F56423F3}.AppStore|x86.ActiveCfg = Debug|Any CPU
		{45E4EBAC-74E0-4306-ADB8-3759F56423F3}.AppStore|x86.Build.0 = Debug|Any CPU
		{45E4EBAC-74E0-4306-ADB8-3759F56423F3}.Debug|Any CPU.ActiveCfg = Debug|Any CPU
		{45E4EBAC-74E0-4306-ADB8-3759F56423F3}.Debug|Any CPU.Build.0 = Debug|Any CPU
		{45E4EBAC-74E0-4306-ADB8-3759F56423F3}.Debug|ARM.ActiveCfg = Debug|Any CPU
		{45E4EBAC-74E0-4306-ADB8-3759F56423F3}.Debug|ARM.Build.0 = Debug|Any CPU
		{45E4EBAC-74E0-4306-ADB8-3759F56423F3}.Debug|ARM64.ActiveCfg = Debug|Any CPU
		{45E4EBAC-74E0-4306-ADB8-3759F56423F3}.Debug|ARM64.Build.0 = Debug|Any CPU
		{45E4EBAC-74E0-4306-ADB8-3759F56423F3}.Debug|iPhone.ActiveCfg = Debug|Any CPU
		{45E4EBAC-74E0-4306-ADB8-3759F56423F3}.Debug|iPhone.Build.0 = Debug|Any CPU
		{45E4EBAC-74E0-4306-ADB8-3759F56423F3}.Debug|iPhoneSimulator.ActiveCfg = Debug|Any CPU
		{45E4EBAC-74E0-4306-ADB8-3759F56423F3}.Debug|iPhoneSimulator.Build.0 = Debug|Any CPU
		{45E4EBAC-74E0-4306-ADB8-3759F56423F3}.Debug|x64.ActiveCfg = Debug|Any CPU
		{45E4EBAC-74E0-4306-ADB8-3759F56423F3}.Debug|x64.Build.0 = Debug|Any CPU
		{45E4EBAC-74E0-4306-ADB8-3759F56423F3}.Debug|x86.ActiveCfg = Debug|Any CPU
		{45E4EBAC-74E0-4306-ADB8-3759F56423F3}.Debug|x86.Build.0 = Debug|Any CPU
		{45E4EBAC-74E0-4306-ADB8-3759F56423F3}.Release|Any CPU.ActiveCfg = Release|Any CPU
		{45E4EBAC-74E0-4306-ADB8-3759F56423F3}.Release|Any CPU.Build.0 = Release|Any CPU
		{45E4EBAC-74E0-4306-ADB8-3759F56423F3}.Release|ARM.ActiveCfg = Release|Any CPU
		{45E4EBAC-74E0-4306-ADB8-3759F56423F3}.Release|ARM.Build.0 = Release|Any CPU
		{45E4EBAC-74E0-4306-ADB8-3759F56423F3}.Release|ARM64.ActiveCfg = Release|Any CPU
		{45E4EBAC-74E0-4306-ADB8-3759F56423F3}.Release|ARM64.Build.0 = Release|Any CPU
		{45E4EBAC-74E0-4306-ADB8-3759F56423F3}.Release|iPhone.ActiveCfg = Release|Any CPU
		{45E4EBAC-74E0-4306-ADB8-3759F56423F3}.Release|iPhone.Build.0 = Release|Any CPU
		{45E4EBAC-74E0-4306-ADB8-3759F56423F3}.Release|iPhoneSimulator.ActiveCfg = Release|Any CPU
		{45E4EBAC-74E0-4306-ADB8-3759F56423F3}.Release|iPhoneSimulator.Build.0 = Release|Any CPU
		{45E4EBAC-74E0-4306-ADB8-3759F56423F3}.Release|x64.ActiveCfg = Release|Any CPU
		{45E4EBAC-74E0-4306-ADB8-3759F56423F3}.Release|x64.Build.0 = Release|Any CPU
		{45E4EBAC-74E0-4306-ADB8-3759F56423F3}.Release|x86.ActiveCfg = Release|Any CPU
		{45E4EBAC-74E0-4306-ADB8-3759F56423F3}.Release|x86.Build.0 = Release|Any CPU
		{61B8D5DC-2ECA-48AF-BF3D-C4DAF6C22903}.Ad-Hoc|Any CPU.ActiveCfg = Debug|Any CPU
		{61B8D5DC-2ECA-48AF-BF3D-C4DAF6C22903}.Ad-Hoc|Any CPU.Build.0 = Debug|Any CPU
		{61B8D5DC-2ECA-48AF-BF3D-C4DAF6C22903}.Ad-Hoc|ARM.ActiveCfg = Debug|Any CPU
		{61B8D5DC-2ECA-48AF-BF3D-C4DAF6C22903}.Ad-Hoc|ARM.Build.0 = Debug|Any CPU
		{61B8D5DC-2ECA-48AF-BF3D-C4DAF6C22903}.Ad-Hoc|ARM64.ActiveCfg = Debug|Any CPU
		{61B8D5DC-2ECA-48AF-BF3D-C4DAF6C22903}.Ad-Hoc|ARM64.Build.0 = Debug|Any CPU
		{61B8D5DC-2ECA-48AF-BF3D-C4DAF6C22903}.Ad-Hoc|iPhone.ActiveCfg = Debug|Any CPU
		{61B8D5DC-2ECA-48AF-BF3D-C4DAF6C22903}.Ad-Hoc|iPhone.Build.0 = Debug|Any CPU
		{61B8D5DC-2ECA-48AF-BF3D-C4DAF6C22903}.Ad-Hoc|iPhoneSimulator.ActiveCfg = Debug|Any CPU
		{61B8D5DC-2ECA-48AF-BF3D-C4DAF6C22903}.Ad-Hoc|iPhoneSimulator.Build.0 = Debug|Any CPU
		{61B8D5DC-2ECA-48AF-BF3D-C4DAF6C22903}.Ad-Hoc|x64.ActiveCfg = Debug|Any CPU
		{61B8D5DC-2ECA-48AF-BF3D-C4DAF6C22903}.Ad-Hoc|x64.Build.0 = Debug|Any CPU
		{61B8D5DC-2ECA-48AF-BF3D-C4DAF6C22903}.Ad-Hoc|x86.ActiveCfg = Debug|Any CPU
		{61B8D5DC-2ECA-48AF-BF3D-C4DAF6C22903}.Ad-Hoc|x86.Build.0 = Debug|Any CPU
		{61B8D5DC-2ECA-48AF-BF3D-C4DAF6C22903}.AppStore|Any CPU.ActiveCfg = Debug|Any CPU
		{61B8D5DC-2ECA-48AF-BF3D-C4DAF6C22903}.AppStore|Any CPU.Build.0 = Debug|Any CPU
		{61B8D5DC-2ECA-48AF-BF3D-C4DAF6C22903}.AppStore|ARM.ActiveCfg = Debug|Any CPU
		{61B8D5DC-2ECA-48AF-BF3D-C4DAF6C22903}.AppStore|ARM.Build.0 = Debug|Any CPU
		{61B8D5DC-2ECA-48AF-BF3D-C4DAF6C22903}.AppStore|ARM64.ActiveCfg = Debug|Any CPU
		{61B8D5DC-2ECA-48AF-BF3D-C4DAF6C22903}.AppStore|ARM64.Build.0 = Debug|Any CPU
		{61B8D5DC-2ECA-48AF-BF3D-C4DAF6C22903}.AppStore|iPhone.ActiveCfg = Debug|Any CPU
		{61B8D5DC-2ECA-48AF-BF3D-C4DAF6C22903}.AppStore|iPhone.Build.0 = Debug|Any CPU
		{61B8D5DC-2ECA-48AF-BF3D-C4DAF6C22903}.AppStore|iPhoneSimulator.ActiveCfg = Debug|Any CPU
		{61B8D5DC-2ECA-48AF-BF3D-C4DAF6C22903}.AppStore|iPhoneSimulator.Build.0 = Debug|Any CPU
		{61B8D5DC-2ECA-48AF-BF3D-C4DAF6C22903}.AppStore|x64.ActiveCfg = Debug|Any CPU
		{61B8D5DC-2ECA-48AF-BF3D-C4DAF6C22903}.AppStore|x64.Build.0 = Debug|Any CPU
		{61B8D5DC-2ECA-48AF-BF3D-C4DAF6C22903}.AppStore|x86.ActiveCfg = Debug|Any CPU
		{61B8D5DC-2ECA-48AF-BF3D-C4DAF6C22903}.AppStore|x86.Build.0 = Debug|Any CPU
		{61B8D5DC-2ECA-48AF-BF3D-C4DAF6C22903}.Debug|Any CPU.ActiveCfg = Debug|Any CPU
		{61B8D5DC-2ECA-48AF-BF3D-C4DAF6C22903}.Debug|Any CPU.Build.0 = Debug|Any CPU
		{61B8D5DC-2ECA-48AF-BF3D-C4DAF6C22903}.Debug|ARM.ActiveCfg = Debug|Any CPU
		{61B8D5DC-2ECA-48AF-BF3D-C4DAF6C22903}.Debug|ARM.Build.0 = Debug|Any CPU
		{61B8D5DC-2ECA-48AF-BF3D-C4DAF6C22903}.Debug|ARM64.ActiveCfg = Debug|Any CPU
		{61B8D5DC-2ECA-48AF-BF3D-C4DAF6C22903}.Debug|ARM64.Build.0 = Debug|Any CPU
		{61B8D5DC-2ECA-48AF-BF3D-C4DAF6C22903}.Debug|iPhone.ActiveCfg = Debug|Any CPU
		{61B8D5DC-2ECA-48AF-BF3D-C4DAF6C22903}.Debug|iPhone.Build.0 = Debug|Any CPU
		{61B8D5DC-2ECA-48AF-BF3D-C4DAF6C22903}.Debug|iPhoneSimulator.ActiveCfg = Debug|Any CPU
		{61B8D5DC-2ECA-48AF-BF3D-C4DAF6C22903}.Debug|iPhoneSimulator.Build.0 = Debug|Any CPU
		{61B8D5DC-2ECA-48AF-BF3D-C4DAF6C22903}.Debug|x64.ActiveCfg = Debug|Any CPU
		{61B8D5DC-2ECA-48AF-BF3D-C4DAF6C22903}.Debug|x64.Build.0 = Debug|Any CPU
		{61B8D5DC-2ECA-48AF-BF3D-C4DAF6C22903}.Debug|x86.ActiveCfg = Debug|Any CPU
		{61B8D5DC-2ECA-48AF-BF3D-C4DAF6C22903}.Debug|x86.Build.0 = Debug|Any CPU
		{61B8D5DC-2ECA-48AF-BF3D-C4DAF6C22903}.Release|Any CPU.ActiveCfg = Release|Any CPU
		{61B8D5DC-2ECA-48AF-BF3D-C4DAF6C22903}.Release|Any CPU.Build.0 = Release|Any CPU
		{61B8D5DC-2ECA-48AF-BF3D-C4DAF6C22903}.Release|ARM.ActiveCfg = Release|Any CPU
		{61B8D5DC-2ECA-48AF-BF3D-C4DAF6C22903}.Release|ARM.Build.0 = Release|Any CPU
		{61B8D5DC-2ECA-48AF-BF3D-C4DAF6C22903}.Release|ARM64.ActiveCfg = Release|Any CPU
		{61B8D5DC-2ECA-48AF-BF3D-C4DAF6C22903}.Release|ARM64.Build.0 = Release|Any CPU
		{61B8D5DC-2ECA-48AF-BF3D-C4DAF6C22903}.Release|iPhone.ActiveCfg = Release|Any CPU
		{61B8D5DC-2ECA-48AF-BF3D-C4DAF6C22903}.Release|iPhone.Build.0 = Release|Any CPU
		{61B8D5DC-2ECA-48AF-BF3D-C4DAF6C22903}.Release|iPhoneSimulator.ActiveCfg = Release|Any CPU
		{61B8D5DC-2ECA-48AF-BF3D-C4DAF6C22903}.Release|iPhoneSimulator.Build.0 = Release|Any CPU
		{61B8D5DC-2ECA-48AF-BF3D-C4DAF6C22903}.Release|x64.ActiveCfg = Release|Any CPU
		{61B8D5DC-2ECA-48AF-BF3D-C4DAF6C22903}.Release|x64.Build.0 = Release|Any CPU
		{61B8D5DC-2ECA-48AF-BF3D-C4DAF6C22903}.Release|x86.ActiveCfg = Release|Any CPU
		{61B8D5DC-2ECA-48AF-BF3D-C4DAF6C22903}.Release|x86.Build.0 = Release|Any CPU
		{E328CF4A-08D5-4A4B-8B3D-C901A30E1EC5}.Ad-Hoc|Any CPU.ActiveCfg = Debug|Any CPU
		{E328CF4A-08D5-4A4B-8B3D-C901A30E1EC5}.Ad-Hoc|Any CPU.Build.0 = Debug|Any CPU
		{E328CF4A-08D5-4A4B-8B3D-C901A30E1EC5}.Ad-Hoc|ARM.ActiveCfg = Debug|Any CPU
		{E328CF4A-08D5-4A4B-8B3D-C901A30E1EC5}.Ad-Hoc|ARM.Build.0 = Debug|Any CPU
		{E328CF4A-08D5-4A4B-8B3D-C901A30E1EC5}.Ad-Hoc|ARM64.ActiveCfg = Debug|Any CPU
		{E328CF4A-08D5-4A4B-8B3D-C901A30E1EC5}.Ad-Hoc|ARM64.Build.0 = Debug|Any CPU
		{E328CF4A-08D5-4A4B-8B3D-C901A30E1EC5}.Ad-Hoc|iPhone.ActiveCfg = Debug|Any CPU
		{E328CF4A-08D5-4A4B-8B3D-C901A30E1EC5}.Ad-Hoc|iPhone.Build.0 = Debug|Any CPU
		{E328CF4A-08D5-4A4B-8B3D-C901A30E1EC5}.Ad-Hoc|iPhoneSimulator.ActiveCfg = Debug|Any CPU
		{E328CF4A-08D5-4A4B-8B3D-C901A30E1EC5}.Ad-Hoc|iPhoneSimulator.Build.0 = Debug|Any CPU
		{E328CF4A-08D5-4A4B-8B3D-C901A30E1EC5}.Ad-Hoc|x64.ActiveCfg = Debug|Any CPU
		{E328CF4A-08D5-4A4B-8B3D-C901A30E1EC5}.Ad-Hoc|x64.Build.0 = Debug|Any CPU
		{E328CF4A-08D5-4A4B-8B3D-C901A30E1EC5}.Ad-Hoc|x86.ActiveCfg = Debug|Any CPU
		{E328CF4A-08D5-4A4B-8B3D-C901A30E1EC5}.Ad-Hoc|x86.Build.0 = Debug|Any CPU
		{E328CF4A-08D5-4A4B-8B3D-C901A30E1EC5}.AppStore|Any CPU.ActiveCfg = Debug|Any CPU
		{E328CF4A-08D5-4A4B-8B3D-C901A30E1EC5}.AppStore|Any CPU.Build.0 = Debug|Any CPU
		{E328CF4A-08D5-4A4B-8B3D-C901A30E1EC5}.AppStore|ARM.ActiveCfg = Debug|Any CPU
		{E328CF4A-08D5-4A4B-8B3D-C901A30E1EC5}.AppStore|ARM.Build.0 = Debug|Any CPU
		{E328CF4A-08D5-4A4B-8B3D-C901A30E1EC5}.AppStore|ARM64.ActiveCfg = Debug|Any CPU
		{E328CF4A-08D5-4A4B-8B3D-C901A30E1EC5}.AppStore|ARM64.Build.0 = Debug|Any CPU
		{E328CF4A-08D5-4A4B-8B3D-C901A30E1EC5}.AppStore|iPhone.ActiveCfg = Debug|Any CPU
		{E328CF4A-08D5-4A4B-8B3D-C901A30E1EC5}.AppStore|iPhone.Build.0 = Debug|Any CPU
		{E328CF4A-08D5-4A4B-8B3D-C901A30E1EC5}.AppStore|iPhoneSimulator.ActiveCfg = Debug|Any CPU
		{E328CF4A-08D5-4A4B-8B3D-C901A30E1EC5}.AppStore|iPhoneSimulator.Build.0 = Debug|Any CPU
		{E328CF4A-08D5-4A4B-8B3D-C901A30E1EC5}.AppStore|x64.ActiveCfg = Debug|Any CPU
		{E328CF4A-08D5-4A4B-8B3D-C901A30E1EC5}.AppStore|x64.Build.0 = Debug|Any CPU
		{E328CF4A-08D5-4A4B-8B3D-C901A30E1EC5}.AppStore|x86.ActiveCfg = Debug|Any CPU
		{E328CF4A-08D5-4A4B-8B3D-C901A30E1EC5}.AppStore|x86.Build.0 = Debug|Any CPU
		{E328CF4A-08D5-4A4B-8B3D-C901A30E1EC5}.Debug|Any CPU.ActiveCfg = Debug|Any CPU
		{E328CF4A-08D5-4A4B-8B3D-C901A30E1EC5}.Debug|Any CPU.Build.0 = Debug|Any CPU
		{E328CF4A-08D5-4A4B-8B3D-C901A30E1EC5}.Debug|ARM.ActiveCfg = Debug|Any CPU
		{E328CF4A-08D5-4A4B-8B3D-C901A30E1EC5}.Debug|ARM.Build.0 = Debug|Any CPU
		{E328CF4A-08D5-4A4B-8B3D-C901A30E1EC5}.Debug|ARM64.ActiveCfg = Debug|Any CPU
		{E328CF4A-08D5-4A4B-8B3D-C901A30E1EC5}.Debug|ARM64.Build.0 = Debug|Any CPU
		{E328CF4A-08D5-4A4B-8B3D-C901A30E1EC5}.Debug|iPhone.ActiveCfg = Debug|Any CPU
		{E328CF4A-08D5-4A4B-8B3D-C901A30E1EC5}.Debug|iPhone.Build.0 = Debug|Any CPU
		{E328CF4A-08D5-4A4B-8B3D-C901A30E1EC5}.Debug|iPhoneSimulator.ActiveCfg = Debug|Any CPU
		{E328CF4A-08D5-4A4B-8B3D-C901A30E1EC5}.Debug|iPhoneSimulator.Build.0 = Debug|Any CPU
		{E328CF4A-08D5-4A4B-8B3D-C901A30E1EC5}.Debug|x64.ActiveCfg = Debug|Any CPU
		{E328CF4A-08D5-4A4B-8B3D-C901A30E1EC5}.Debug|x64.Build.0 = Debug|Any CPU
		{E328CF4A-08D5-4A4B-8B3D-C901A30E1EC5}.Debug|x86.ActiveCfg = Debug|Any CPU
		{E328CF4A-08D5-4A4B-8B3D-C901A30E1EC5}.Debug|x86.Build.0 = Debug|Any CPU
		{E328CF4A-08D5-4A4B-8B3D-C901A30E1EC5}.Release|Any CPU.ActiveCfg = Release|Any CPU
		{E328CF4A-08D5-4A4B-8B3D-C901A30E1EC5}.Release|Any CPU.Build.0 = Release|Any CPU
		{E328CF4A-08D5-4A4B-8B3D-C901A30E1EC5}.Release|ARM.ActiveCfg = Release|Any CPU
		{E328CF4A-08D5-4A4B-8B3D-C901A30E1EC5}.Release|ARM.Build.0 = Release|Any CPU
		{E328CF4A-08D5-4A4B-8B3D-C901A30E1EC5}.Release|ARM64.ActiveCfg = Release|Any CPU
		{E328CF4A-08D5-4A4B-8B3D-C901A30E1EC5}.Release|ARM64.Build.0 = Release|Any CPU
		{E328CF4A-08D5-4A4B-8B3D-C901A30E1EC5}.Release|iPhone.ActiveCfg = Release|Any CPU
		{E328CF4A-08D5-4A4B-8B3D-C901A30E1EC5}.Release|iPhone.Build.0 = Release|Any CPU
		{E328CF4A-08D5-4A4B-8B3D-C901A30E1EC5}.Release|iPhoneSimulator.ActiveCfg = Release|Any CPU
		{E328CF4A-08D5-4A4B-8B3D-C901A30E1EC5}.Release|iPhoneSimulator.Build.0 = Release|Any CPU
		{E328CF4A-08D5-4A4B-8B3D-C901A30E1EC5}.Release|x64.ActiveCfg = Release|Any CPU
		{E328CF4A-08D5-4A4B-8B3D-C901A30E1EC5}.Release|x64.Build.0 = Release|Any CPU
		{E328CF4A-08D5-4A4B-8B3D-C901A30E1EC5}.Release|x86.ActiveCfg = Release|Any CPU
		{E328CF4A-08D5-4A4B-8B3D-C901A30E1EC5}.Release|x86.Build.0 = Release|Any CPU
		{78014BEE-CE3E-44AD-93FA-F2480310892D}.Ad-Hoc|Any CPU.ActiveCfg = Debug|Any CPU
		{78014BEE-CE3E-44AD-93FA-F2480310892D}.Ad-Hoc|Any CPU.Build.0 = Debug|Any CPU
		{78014BEE-CE3E-44AD-93FA-F2480310892D}.Ad-Hoc|ARM.ActiveCfg = Debug|Any CPU
		{78014BEE-CE3E-44AD-93FA-F2480310892D}.Ad-Hoc|ARM.Build.0 = Debug|Any CPU
		{78014BEE-CE3E-44AD-93FA-F2480310892D}.Ad-Hoc|ARM64.ActiveCfg = Debug|Any CPU
		{78014BEE-CE3E-44AD-93FA-F2480310892D}.Ad-Hoc|ARM64.Build.0 = Debug|Any CPU
		{78014BEE-CE3E-44AD-93FA-F2480310892D}.Ad-Hoc|iPhone.ActiveCfg = Debug|Any CPU
		{78014BEE-CE3E-44AD-93FA-F2480310892D}.Ad-Hoc|iPhone.Build.0 = Debug|Any CPU
		{78014BEE-CE3E-44AD-93FA-F2480310892D}.Ad-Hoc|iPhoneSimulator.ActiveCfg = Debug|Any CPU
		{78014BEE-CE3E-44AD-93FA-F2480310892D}.Ad-Hoc|iPhoneSimulator.Build.0 = Debug|Any CPU
		{78014BEE-CE3E-44AD-93FA-F2480310892D}.Ad-Hoc|x64.ActiveCfg = Debug|Any CPU
		{78014BEE-CE3E-44AD-93FA-F2480310892D}.Ad-Hoc|x64.Build.0 = Debug|Any CPU
		{78014BEE-CE3E-44AD-93FA-F2480310892D}.Ad-Hoc|x86.ActiveCfg = Debug|Any CPU
		{78014BEE-CE3E-44AD-93FA-F2480310892D}.Ad-Hoc|x86.Build.0 = Debug|Any CPU
		{78014BEE-CE3E-44AD-93FA-F2480310892D}.AppStore|Any CPU.ActiveCfg = Debug|Any CPU
		{78014BEE-CE3E-44AD-93FA-F2480310892D}.AppStore|Any CPU.Build.0 = Debug|Any CPU
		{78014BEE-CE3E-44AD-93FA-F2480310892D}.AppStore|ARM.ActiveCfg = Debug|Any CPU
		{78014BEE-CE3E-44AD-93FA-F2480310892D}.AppStore|ARM.Build.0 = Debug|Any CPU
		{78014BEE-CE3E-44AD-93FA-F2480310892D}.AppStore|ARM64.ActiveCfg = Debug|Any CPU
		{78014BEE-CE3E-44AD-93FA-F2480310892D}.AppStore|ARM64.Build.0 = Debug|Any CPU
		{78014BEE-CE3E-44AD-93FA-F2480310892D}.AppStore|iPhone.ActiveCfg = Debug|Any CPU
		{78014BEE-CE3E-44AD-93FA-F2480310892D}.AppStore|iPhone.Build.0 = Debug|Any CPU
		{78014BEE-CE3E-44AD-93FA-F2480310892D}.AppStore|iPhoneSimulator.ActiveCfg = Debug|Any CPU
		{78014BEE-CE3E-44AD-93FA-F2480310892D}.AppStore|iPhoneSimulator.Build.0 = Debug|Any CPU
		{78014BEE-CE3E-44AD-93FA-F2480310892D}.AppStore|x64.ActiveCfg = Debug|Any CPU
		{78014BEE-CE3E-44AD-93FA-F2480310892D}.AppStore|x64.Build.0 = Debug|Any CPU
		{78014BEE-CE3E-44AD-93FA-F2480310892D}.AppStore|x86.ActiveCfg = Debug|Any CPU
		{78014BEE-CE3E-44AD-93FA-F2480310892D}.AppStore|x86.Build.0 = Debug|Any CPU
		{78014BEE-CE3E-44AD-93FA-F2480310892D}.Debug|Any CPU.ActiveCfg = Debug|Any CPU
		{78014BEE-CE3E-44AD-93FA-F2480310892D}.Debug|Any CPU.Build.0 = Debug|Any CPU
		{78014BEE-CE3E-44AD-93FA-F2480310892D}.Debug|ARM.ActiveCfg = Debug|Any CPU
		{78014BEE-CE3E-44AD-93FA-F2480310892D}.Debug|ARM.Build.0 = Debug|Any CPU
		{78014BEE-CE3E-44AD-93FA-F2480310892D}.Debug|ARM64.ActiveCfg = Debug|Any CPU
		{78014BEE-CE3E-44AD-93FA-F2480310892D}.Debug|ARM64.Build.0 = Debug|Any CPU
		{78014BEE-CE3E-44AD-93FA-F2480310892D}.Debug|iPhone.ActiveCfg = Debug|Any CPU
		{78014BEE-CE3E-44AD-93FA-F2480310892D}.Debug|iPhone.Build.0 = Debug|Any CPU
		{78014BEE-CE3E-44AD-93FA-F2480310892D}.Debug|iPhoneSimulator.ActiveCfg = Debug|Any CPU
		{78014BEE-CE3E-44AD-93FA-F2480310892D}.Debug|iPhoneSimulator.Build.0 = Debug|Any CPU
		{78014BEE-CE3E-44AD-93FA-F2480310892D}.Debug|x64.ActiveCfg = Debug|Any CPU
		{78014BEE-CE3E-44AD-93FA-F2480310892D}.Debug|x64.Build.0 = Debug|Any CPU
		{78014BEE-CE3E-44AD-93FA-F2480310892D}.Debug|x86.ActiveCfg = Debug|Any CPU
		{78014BEE-CE3E-44AD-93FA-F2480310892D}.Debug|x86.Build.0 = Debug|Any CPU
		{78014BEE-CE3E-44AD-93FA-F2480310892D}.Release|Any CPU.ActiveCfg = Release|Any CPU
		{78014BEE-CE3E-44AD-93FA-F2480310892D}.Release|Any CPU.Build.0 = Release|Any CPU
		{78014BEE-CE3E-44AD-93FA-F2480310892D}.Release|ARM.ActiveCfg = Release|Any CPU
		{78014BEE-CE3E-44AD-93FA-F2480310892D}.Release|ARM.Build.0 = Release|Any CPU
		{78014BEE-CE3E-44AD-93FA-F2480310892D}.Release|ARM64.ActiveCfg = Release|Any CPU
		{78014BEE-CE3E-44AD-93FA-F2480310892D}.Release|ARM64.Build.0 = Release|Any CPU
		{78014BEE-CE3E-44AD-93FA-F2480310892D}.Release|iPhone.ActiveCfg = Release|Any CPU
		{78014BEE-CE3E-44AD-93FA-F2480310892D}.Release|iPhone.Build.0 = Release|Any CPU
		{78014BEE-CE3E-44AD-93FA-F2480310892D}.Release|iPhoneSimulator.ActiveCfg = Release|Any CPU
		{78014BEE-CE3E-44AD-93FA-F2480310892D}.Release|iPhoneSimulator.Build.0 = Release|Any CPU
		{78014BEE-CE3E-44AD-93FA-F2480310892D}.Release|x64.ActiveCfg = Release|Any CPU
		{78014BEE-CE3E-44AD-93FA-F2480310892D}.Release|x64.Build.0 = Release|Any CPU
		{78014BEE-CE3E-44AD-93FA-F2480310892D}.Release|x86.ActiveCfg = Release|Any CPU
		{78014BEE-CE3E-44AD-93FA-F2480310892D}.Release|x86.Build.0 = Release|Any CPU
		{5BAA016B-8A3B-482E-BD86-2E5C03CA5BCE}.Ad-Hoc|Any CPU.ActiveCfg = Debug|Any CPU
		{5BAA016B-8A3B-482E-BD86-2E5C03CA5BCE}.Ad-Hoc|Any CPU.Build.0 = Debug|Any CPU
		{5BAA016B-8A3B-482E-BD86-2E5C03CA5BCE}.Ad-Hoc|ARM.ActiveCfg = Debug|Any CPU
		{5BAA016B-8A3B-482E-BD86-2E5C03CA5BCE}.Ad-Hoc|ARM.Build.0 = Debug|Any CPU
		{5BAA016B-8A3B-482E-BD86-2E5C03CA5BCE}.Ad-Hoc|ARM64.ActiveCfg = Debug|Any CPU
		{5BAA016B-8A3B-482E-BD86-2E5C03CA5BCE}.Ad-Hoc|ARM64.Build.0 = Debug|Any CPU
		{5BAA016B-8A3B-482E-BD86-2E5C03CA5BCE}.Ad-Hoc|iPhone.ActiveCfg = Debug|Any CPU
		{5BAA016B-8A3B-482E-BD86-2E5C03CA5BCE}.Ad-Hoc|iPhone.Build.0 = Debug|Any CPU
		{5BAA016B-8A3B-482E-BD86-2E5C03CA5BCE}.Ad-Hoc|iPhoneSimulator.ActiveCfg = Debug|Any CPU
		{5BAA016B-8A3B-482E-BD86-2E5C03CA5BCE}.Ad-Hoc|iPhoneSimulator.Build.0 = Debug|Any CPU
		{5BAA016B-8A3B-482E-BD86-2E5C03CA5BCE}.Ad-Hoc|x64.ActiveCfg = Debug|Any CPU
		{5BAA016B-8A3B-482E-BD86-2E5C03CA5BCE}.Ad-Hoc|x64.Build.0 = Debug|Any CPU
		{5BAA016B-8A3B-482E-BD86-2E5C03CA5BCE}.Ad-Hoc|x86.ActiveCfg = Debug|Any CPU
		{5BAA016B-8A3B-482E-BD86-2E5C03CA5BCE}.Ad-Hoc|x86.Build.0 = Debug|Any CPU
		{5BAA016B-8A3B-482E-BD86-2E5C03CA5BCE}.AppStore|Any CPU.ActiveCfg = Debug|Any CPU
		{5BAA016B-8A3B-482E-BD86-2E5C03CA5BCE}.AppStore|Any CPU.Build.0 = Debug|Any CPU
		{5BAA016B-8A3B-482E-BD86-2E5C03CA5BCE}.AppStore|ARM.ActiveCfg = Debug|Any CPU
		{5BAA016B-8A3B-482E-BD86-2E5C03CA5BCE}.AppStore|ARM.Build.0 = Debug|Any CPU
		{5BAA016B-8A3B-482E-BD86-2E5C03CA5BCE}.AppStore|ARM64.ActiveCfg = Debug|Any CPU
		{5BAA016B-8A3B-482E-BD86-2E5C03CA5BCE}.AppStore|ARM64.Build.0 = Debug|Any CPU
		{5BAA016B-8A3B-482E-BD86-2E5C03CA5BCE}.AppStore|iPhone.ActiveCfg = Debug|Any CPU
		{5BAA016B-8A3B-482E-BD86-2E5C03CA5BCE}.AppStore|iPhone.Build.0 = Debug|Any CPU
		{5BAA016B-8A3B-482E-BD86-2E5C03CA5BCE}.AppStore|iPhoneSimulator.ActiveCfg = Debug|Any CPU
		{5BAA016B-8A3B-482E-BD86-2E5C03CA5BCE}.AppStore|iPhoneSimulator.Build.0 = Debug|Any CPU
		{5BAA016B-8A3B-482E-BD86-2E5C03CA5BCE}.AppStore|x64.ActiveCfg = Debug|Any CPU
		{5BAA016B-8A3B-482E-BD86-2E5C03CA5BCE}.AppStore|x64.Build.0 = Debug|Any CPU
		{5BAA016B-8A3B-482E-BD86-2E5C03CA5BCE}.AppStore|x86.ActiveCfg = Debug|Any CPU
		{5BAA016B-8A3B-482E-BD86-2E5C03CA5BCE}.AppStore|x86.Build.0 = Debug|Any CPU
		{5BAA016B-8A3B-482E-BD86-2E5C03CA5BCE}.Debug|Any CPU.ActiveCfg = Debug|Any CPU
		{5BAA016B-8A3B-482E-BD86-2E5C03CA5BCE}.Debug|Any CPU.Build.0 = Debug|Any CPU
		{5BAA016B-8A3B-482E-BD86-2E5C03CA5BCE}.Debug|ARM.ActiveCfg = Debug|Any CPU
		{5BAA016B-8A3B-482E-BD86-2E5C03CA5BCE}.Debug|ARM.Build.0 = Debug|Any CPU
		{5BAA016B-8A3B-482E-BD86-2E5C03CA5BCE}.Debug|ARM64.ActiveCfg = Debug|Any CPU
		{5BAA016B-8A3B-482E-BD86-2E5C03CA5BCE}.Debug|ARM64.Build.0 = Debug|Any CPU
		{5BAA016B-8A3B-482E-BD86-2E5C03CA5BCE}.Debug|iPhone.ActiveCfg = Debug|Any CPU
		{5BAA016B-8A3B-482E-BD86-2E5C03CA5BCE}.Debug|iPhone.Build.0 = Debug|Any CPU
		{5BAA016B-8A3B-482E-BD86-2E5C03CA5BCE}.Debug|iPhoneSimulator.ActiveCfg = Debug|Any CPU
		{5BAA016B-8A3B-482E-BD86-2E5C03CA5BCE}.Debug|iPhoneSimulator.Build.0 = Debug|Any CPU
		{5BAA016B-8A3B-482E-BD86-2E5C03CA5BCE}.Debug|x64.ActiveCfg = Debug|Any CPU
		{5BAA016B-8A3B-482E-BD86-2E5C03CA5BCE}.Debug|x64.Build.0 = Debug|Any CPU
		{5BAA016B-8A3B-482E-BD86-2E5C03CA5BCE}.Debug|x86.ActiveCfg = Debug|Any CPU
		{5BAA016B-8A3B-482E-BD86-2E5C03CA5BCE}.Debug|x86.Build.0 = Debug|Any CPU
		{5BAA016B-8A3B-482E-BD86-2E5C03CA5BCE}.Release|Any CPU.ActiveCfg = Release|Any CPU
		{5BAA016B-8A3B-482E-BD86-2E5C03CA5BCE}.Release|Any CPU.Build.0 = Release|Any CPU
		{5BAA016B-8A3B-482E-BD86-2E5C03CA5BCE}.Release|ARM.ActiveCfg = Release|Any CPU
		{5BAA016B-8A3B-482E-BD86-2E5C03CA5BCE}.Release|ARM.Build.0 = Release|Any CPU
		{5BAA016B-8A3B-482E-BD86-2E5C03CA5BCE}.Release|ARM64.ActiveCfg = Release|Any CPU
		{5BAA016B-8A3B-482E-BD86-2E5C03CA5BCE}.Release|ARM64.Build.0 = Release|Any CPU
		{5BAA016B-8A3B-482E-BD86-2E5C03CA5BCE}.Release|iPhone.ActiveCfg = Release|Any CPU
		{5BAA016B-8A3B-482E-BD86-2E5C03CA5BCE}.Release|iPhone.Build.0 = Release|Any CPU
		{5BAA016B-8A3B-482E-BD86-2E5C03CA5BCE}.Release|iPhoneSimulator.ActiveCfg = Release|Any CPU
		{5BAA016B-8A3B-482E-BD86-2E5C03CA5BCE}.Release|iPhoneSimulator.Build.0 = Release|Any CPU
		{5BAA016B-8A3B-482E-BD86-2E5C03CA5BCE}.Release|x64.ActiveCfg = Release|Any CPU
		{5BAA016B-8A3B-482E-BD86-2E5C03CA5BCE}.Release|x64.Build.0 = Release|Any CPU
		{5BAA016B-8A3B-482E-BD86-2E5C03CA5BCE}.Release|x86.ActiveCfg = Release|Any CPU
		{5BAA016B-8A3B-482E-BD86-2E5C03CA5BCE}.Release|x86.Build.0 = Release|Any CPU
	EndGlobalSection
	GlobalSection(SolutionProperties) = preSolution
		HideSolutionNode = FALSE
	EndGlobalSection
	GlobalSection(NestedProjects) = preSolution
		{193171F1-AE38-4D6E-8BC8-19218F8DF28E} = {6F5C7C65-92D0-48D9-9DA1-FF82F2CA6CF9}
		{CBD6D3E3-A6BE-4DF2-B693-A5698733EF43} = {6F5C7C65-92D0-48D9-9DA1-FF82F2CA6CF9}
		{41679CF2-DE67-4B40-BE78-3B4AE88DE8F2} = {6F5C7C65-92D0-48D9-9DA1-FF82F2CA6CF9}
		{9C59418F-CE7F-4108-A0AB-AF87353B71A6} = {6F5C7C65-92D0-48D9-9DA1-FF82F2CA6CF9}
		{4E305DF0-7D61-4913-BDB7-257CB9BEA3FA} = {6F5C7C65-92D0-48D9-9DA1-FF82F2CA6CF9}
		{45E4EBAC-74E0-4306-ADB8-3759F56423F3} = {6F5C7C65-92D0-48D9-9DA1-FF82F2CA6CF9}
		{61B8D5DC-2ECA-48AF-BF3D-C4DAF6C22903} = {6F5C7C65-92D0-48D9-9DA1-FF82F2CA6CF9}
		{E328CF4A-08D5-4A4B-8B3D-C901A30E1EC5} = {6F5C7C65-92D0-48D9-9DA1-FF82F2CA6CF9}
		{78014BEE-CE3E-44AD-93FA-F2480310892D} = {6F5C7C65-92D0-48D9-9DA1-FF82F2CA6CF9}
	EndGlobalSection
	GlobalSection(ExtensibilityGlobals) = postSolution
		SolutionGuid = {739A8BB9-C726-4160-9FAE-E8B73D2DA5CC}
	EndGlobalSection
	GlobalSection(SharedMSBuildProjectFiles) = preSolution
		omega_pag\omega_pag.Shared\omega_pag.Shared.projitems*{193171f1-ae38-4d6e-8bc8-19218f8df28e}*SharedItemsImports = 4
		omega_pag\omega_pag.Shared\omega_pag.Shared.projitems*{41679cf2-de67-4b40-be78-3b4ae88de8f2}*SharedItemsImports = 4
		omega_pag\omega_pag.Shared\omega_pag.Shared.projitems*{4e305df0-7d61-4913-bdb7-257cb9bea3fa}*SharedItemsImports = 4
		omega_pag\omega_pag.Shared\omega_pag.Shared.projitems*{61b8d5dc-2eca-48af-bf3d-c4daf6c22903}*SharedItemsImports = 5
		omega_pag\omega_pag.Shared\omega_pag.Shared.projitems*{6279c845-92f8-4333-ab99-3d213163593c}*SharedItemsImports = 13
		omega_pag\omega_pag.Shared\omega_pag.Shared.projitems*{78014bee-ce3e-44ad-93fa-f2480310892d}*SharedItemsImports = 5
		omega_pag\omega_pag.Shared\omega_pag.Shared.projitems*{9c59418f-ce7f-4108-a0ab-af87353b71a6}*SharedItemsImports = 5
		omega_pag\omega_pag.Shared\omega_pag.Shared.projitems*{cbd6d3e3-a6be-4df2-b693-a5698733ef43}*SharedItemsImports = 4
		omega_pag\omega_pag.Shared\omega_pag.Shared.projitems*{e328cf4a-08d5-4a4b-8b3d-c901a30e1ec5}*SharedItemsImports = 5
	EndGlobalSection
EndGlobal
